
Microsoft Visual Studio Solution File, Format Version 12.00
# Visual Studio 2013
VisualStudioVersion = 12.0.30501.0
MinimumVisualStudioVersion = 10.0.40219.1
Project("{FAE04EC0-301F-11D3-BF4B-00C04F79EFBC}") = "XplatChat.NativeApp.iPhone", "XplatChat.NativeApp.iPhone\XplatChat.NativeApp.iPhone.csproj", "{EB954050-453A-4156-9ED7-4FD38F603044}"
EndProject
Project("{FAE04EC0-301F-11D3-BF4B-00C04F79EFBC}") = "XplatChat.Contract.Pcl", "..\Service\XplatChat.Contract.Pcl\XplatChat.Contract.Pcl.csproj", "{1DDD42BE-0C01-4135-88AF-02B4B927DE68}"
EndProject
Project("{FAE04EC0-301F-11D3-BF4B-00C04F79EFBC}") = "XplatChat.NativeApp.Android", "XplatChat.NativeApp.Android\XplatChat.NativeApp.Android.csproj", "{31D666D3-331A-42BE-B807-0E9D649E2112}"
EndProject
Project("{D954291E-2A0B-460D-934E-DC6B0785DB48}") = "XplatChat.NativeApp.Shared", "XplatChat.NativeApp.Shared\XplatChat.NativeApp.Shared.shproj", "{4C3846B8-9F57-478B-B35E-5971D2F4BBBC}"
EndProject
Project("{FAE04EC0-301F-11D3-BF4B-00C04F79EFBC}") = "XplatChat.NativeApp.WinPhone", "XplatChat.NativeApp.WinPhone\XplatChat.NativeApp.WinPhone.csproj", "{3398DC54-4AA4-4EE1-9D33-2900BB3ADE61}"
EndProject
Project("{FAE04EC0-301F-11D3-BF4B-00C04F79EFBC}") = "XplatChat.FormsApp.WinPhone", "XplatChat.FormsApp\XplatChat.FormsApp.WinPhone\XplatChat.FormsApp.WinPhone.csproj", "{2FB6BEA6-9E10-48C1-A3B6-4839813967AF}"
EndProject
Project("{FAE04EC0-301F-11D3-BF4B-00C04F79EFBC}") = "XplatChat.FormsApp.iOS", "XplatChat.FormsApp\XplatChat.FormsApp.iOS\XplatChat.FormsApp.iOS.csproj", "{323151C7-1C4C-404F-8F4B-F25248873CD6}"
EndProject
Project("{FAE04EC0-301F-11D3-BF4B-00C04F79EFBC}") = "XplatChat.FormsApp.Android", "XplatChat.FormsApp\XplatChat.FormsApp.Android\XplatChat.FormsApp.Android.csproj", "{B9F26363-D51F-4C75-9648-3309BC6940B1}"
EndProject
Project("{D954291E-2A0B-460D-934E-DC6B0785DB48}") = "XplatChat.FormsApp", "XplatChat.FormsApp\XplatChat.FormsApp\XplatChat.FormsApp.shproj", "{FB4D993D-1613-4C31-A83E-1C19E49E85A4}"
EndProject
Project("{2150E333-8FDC-42A3-9474-1A3956D46DE8}") = "NativeApp", "NativeApp", "{F277B6E8-8871-4036-9784-527FB2D7A828}"
EndProject
Project("{2150E333-8FDC-42A3-9474-1A3956D46DE8}") = "FormsApp", "FormsApp", "{8E7F03E2-D521-47DF-8D63-BB4768CA79B8}"
EndProject
Global
	GlobalSection(SharedMSBuildProjectFiles) = preSolution
		XplatChat.NativeApp.Shared\XplatChat.NativeApp.Shared.projitems*{4c3846b8-9f57-478b-b35e-5971d2f4bbbc}*SharedItemsImports = 13
		XplatChat.FormsApp\XplatChat.FormsApp\XplatChat.FormsApp.projitems*{323151c7-1c4c-404f-8f4b-f25248873cd6}*SharedItemsImports = 4
		XplatChat.NativeApp.Shared\XplatChat.NativeApp.Shared.projitems*{323151c7-1c4c-404f-8f4b-f25248873cd6}*SharedItemsImports = 4
		XplatChat.NativeApp.Shared\XplatChat.NativeApp.Shared.projitems*{eb954050-453a-4156-9ed7-4fd38f603044}*SharedItemsImports = 4
		XplatChat.FormsApp\XplatChat.FormsApp\XplatChat.FormsApp.projitems*{fb4d993d-1613-4c31-a83e-1c19e49e85a4}*SharedItemsImports = 13
		XplatChat.FormsApp\XplatChat.FormsApp\XplatChat.FormsApp.projitems*{2fb6bea6-9e10-48c1-a3b6-4839813967af}*SharedItemsImports = 4
		XplatChat.NativeApp.Shared\XplatChat.NativeApp.Shared.projitems*{2fb6bea6-9e10-48c1-a3b6-4839813967af}*SharedItemsImports = 4
		XplatChat.NativeApp.Shared\XplatChat.NativeApp.Shared.projitems*{31d666d3-331a-42be-b807-0e9d649e2112}*SharedItemsImports = 4
		XplatChat.NativeApp.Shared\XplatChat.NativeApp.Shared.projitems*{3398dc54-4aa4-4ee1-9d33-2900bb3ade61}*SharedItemsImports = 4
		XplatChat.FormsApp\XplatChat.FormsApp\XplatChat.FormsApp.projitems*{b9f26363-d51f-4c75-9648-3309bc6940b1}*SharedItemsImports = 4
		XplatChat.NativeApp.Shared\XplatChat.NativeApp.Shared.projitems*{b9f26363-d51f-4c75-9648-3309bc6940b1}*SharedItemsImports = 4
	EndGlobalSection
	GlobalSection(SolutionConfigurationPlatforms) = preSolution
		Ad-Hoc|Any CPU = Ad-Hoc|Any CPU
		Ad-Hoc|ARM = Ad-Hoc|ARM
		Ad-Hoc|iPhone = Ad-Hoc|iPhone
		Ad-Hoc|iPhoneSimulator = Ad-Hoc|iPhoneSimulator
		Ad-Hoc|Mixed Platforms = Ad-Hoc|Mixed Platforms
		Ad-Hoc|x86 = Ad-Hoc|x86
		AppStore|Any CPU = AppStore|Any CPU
		AppStore|ARM = AppStore|ARM
		AppStore|iPhone = AppStore|iPhone
		AppStore|iPhoneSimulator = AppStore|iPhoneSimulator
		AppStore|Mixed Platforms = AppStore|Mixed Platforms
		AppStore|x86 = AppStore|x86
		Debug|Any CPU = Debug|Any CPU
		Debug|ARM = Debug|ARM
		Debug|iPhone = Debug|iPhone
		Debug|iPhoneSimulator = Debug|iPhoneSimulator
		Debug|Mixed Platforms = Debug|Mixed Platforms
		Debug|x86 = Debug|x86
		Release|Any CPU = Release|Any CPU
		Release|ARM = Release|ARM
		Release|iPhone = Release|iPhone
		Release|iPhoneSimulator = Release|iPhoneSimulator
		Release|Mixed Platforms = Release|Mixed Platforms
		Release|x86 = Release|x86
	EndGlobalSection
	GlobalSection(ProjectConfigurationPlatforms) = postSolution
		{EB954050-453A-4156-9ED7-4FD38F603044}.Ad-Hoc|Any CPU.ActiveCfg = Ad-Hoc|iPhoneSimulator
		{EB954050-453A-4156-9ED7-4FD38F603044}.Ad-Hoc|ARM.ActiveCfg = Ad-Hoc|iPhone
		{EB954050-453A-4156-9ED7-4FD38F603044}.Ad-Hoc|iPhone.ActiveCfg = Ad-Hoc|iPhone
		{EB954050-453A-4156-9ED7-4FD38F603044}.Ad-Hoc|iPhone.Build.0 = Ad-Hoc|iPhone
		{EB954050-453A-4156-9ED7-4FD38F603044}.Ad-Hoc|iPhone.Deploy.0 = Ad-Hoc|iPhone
		{EB954050-453A-4156-9ED7-4FD38F603044}.Ad-Hoc|iPhoneSimulator.ActiveCfg = Ad-Hoc|iPhoneSimulator
		{EB954050-453A-4156-9ED7-4FD38F603044}.Ad-Hoc|iPhoneSimulator.Build.0 = Ad-Hoc|iPhoneSimulator
		{EB954050-453A-4156-9ED7-4FD38F603044}.Ad-Hoc|iPhoneSimulator.Deploy.0 = Ad-Hoc|iPhoneSimulator
		{EB954050-453A-4156-9ED7-4FD38F603044}.Ad-Hoc|Mixed Platforms.ActiveCfg = Ad-Hoc|iPhoneSimulator
		{EB954050-453A-4156-9ED7-4FD38F603044}.Ad-Hoc|Mixed Platforms.Build.0 = Ad-Hoc|iPhoneSimulator
		{EB954050-453A-4156-9ED7-4FD38F603044}.Ad-Hoc|Mixed Platforms.Deploy.0 = Ad-Hoc|iPhoneSimulator
		{EB954050-453A-4156-9ED7-4FD38F603044}.Ad-Hoc|x86.ActiveCfg = Ad-Hoc|iPhone
		{EB954050-453A-4156-9ED7-4FD38F603044}.AppStore|Any CPU.ActiveCfg = AppStore|iPhoneSimulator
		{EB954050-453A-4156-9ED7-4FD38F603044}.AppStore|ARM.ActiveCfg = AppStore|iPhone
		{EB954050-453A-4156-9ED7-4FD38F603044}.AppStore|iPhone.ActiveCfg = AppStore|iPhone
		{EB954050-453A-4156-9ED7-4FD38F603044}.AppStore|iPhone.Build.0 = AppStore|iPhone
		{EB954050-453A-4156-9ED7-4FD38F603044}.AppStore|iPhone.Deploy.0 = AppStore|iPhone
		{EB954050-453A-4156-9ED7-4FD38F603044}.AppStore|iPhoneSimulator.ActiveCfg = AppStore|iPhoneSimulator
		{EB954050-453A-4156-9ED7-4FD38F603044}.AppStore|iPhoneSimulator.Build.0 = AppStore|iPhoneSimulator
		{EB954050-453A-4156-9ED7-4FD38F603044}.AppStore|iPhoneSimulator.Deploy.0 = AppStore|iPhoneSimulator
		{EB954050-453A-4156-9ED7-4FD38F603044}.AppStore|Mixed Platforms.ActiveCfg = AppStore|iPhoneSimulator
		{EB954050-453A-4156-9ED7-4FD38F603044}.AppStore|Mixed Platforms.Build.0 = AppStore|iPhoneSimulator
		{EB954050-453A-4156-9ED7-4FD38F603044}.AppStore|Mixed Platforms.Deploy.0 = AppStore|iPhoneSimulator
		{EB954050-453A-4156-9ED7-4FD38F603044}.AppStore|x86.ActiveCfg = AppStore|iPhone
		{EB954050-453A-4156-9ED7-4FD38F603044}.Debug|Any CPU.ActiveCfg = Debug|iPhoneSimulator
		{EB954050-453A-4156-9ED7-4FD38F603044}.Debug|ARM.ActiveCfg = Debug|iPhone
		{EB954050-453A-4156-9ED7-4FD38F603044}.Debug|iPhone.ActiveCfg = Debug|iPhone
		{EB954050-453A-4156-9ED7-4FD38F603044}.Debug|iPhone.Build.0 = Debug|iPhone
		{EB954050-453A-4156-9ED7-4FD38F603044}.Debug|iPhone.Deploy.0 = Debug|iPhone
		{EB954050-453A-4156-9ED7-4FD38F603044}.Debug|iPhoneSimulator.ActiveCfg = Debug|iPhoneSimulator
		{EB954050-453A-4156-9ED7-4FD38F603044}.Debug|iPhoneSimulator.Build.0 = Debug|iPhoneSimulator
		{EB954050-453A-4156-9ED7-4FD38F603044}.Debug|iPhoneSimulator.Deploy.0 = Debug|iPhoneSimulator
		{EB954050-453A-4156-9ED7-4FD38F603044}.Debug|Mixed Platforms.ActiveCfg = Debug|iPhoneSimulator
		{EB954050-453A-4156-9ED7-4FD38F603044}.Debug|Mixed Platforms.Build.0 = Debug|iPhoneSimulator
		{EB954050-453A-4156-9ED7-4FD38F603044}.Debug|Mixed Platforms.Deploy.0 = Debug|iPhoneSimulator
		{EB954050-453A-4156-9ED7-4FD38F603044}.Debug|x86.ActiveCfg = Debug|iPhone
		{EB954050-453A-4156-9ED7-4FD38F603044}.Release|Any CPU.ActiveCfg = Release|iPhoneSimulator
		{EB954050-453A-4156-9ED7-4FD38F603044}.Release|ARM.ActiveCfg = Release|iPhone
		{EB954050-453A-4156-9ED7-4FD38F603044}.Release|iPhone.ActiveCfg = Release|iPhone
		{EB954050-453A-4156-9ED7-4FD38F603044}.Release|iPhone.Build.0 = Release|iPhone
		{EB954050-453A-4156-9ED7-4FD38F603044}.Release|iPhone.Deploy.0 = Release|iPhone
		{EB954050-453A-4156-9ED7-4FD38F603044}.Release|iPhoneSimulator.ActiveCfg = Release|iPhoneSimulator
		{EB954050-453A-4156-9ED7-4FD38F603044}.Release|iPhoneSimulator.Build.0 = Release|iPhoneSimulator
		{EB954050-453A-4156-9ED7-4FD38F603044}.Release|iPhoneSimulator.Deploy.0 = Release|iPhoneSimulator
		{EB954050-453A-4156-9ED7-4FD38F603044}.Release|Mixed Platforms.ActiveCfg = Release|iPhoneSimulator
		{EB954050-453A-4156-9ED7-4FD38F603044}.Release|Mixed Platforms.Build.0 = Release|iPhoneSimulator
		{EB954050-453A-4156-9ED7-4FD38F603044}.Release|Mixed Platforms.Deploy.0 = Release|iPhoneSimulator
		{EB954050-453A-4156-9ED7-4FD38F603044}.Release|x86.ActiveCfg = Release|iPhone
		{1DDD42BE-0C01-4135-88AF-02B4B927DE68}.Ad-Hoc|Any CPU.ActiveCfg = Release|Any CPU
		{1DDD42BE-0C01-4135-88AF-02B4B927DE68}.Ad-Hoc|Any CPU.Build.0 = Release|Any CPU
		{1DDD42BE-0C01-4135-88AF-02B4B927DE68}.Ad-Hoc|ARM.ActiveCfg = Debug|Any CPU
		{1DDD42BE-0C01-4135-88AF-02B4B927DE68}.Ad-Hoc|iPhone.ActiveCfg = Release|Any CPU
		{1DDD42BE-0C01-4135-88AF-02B4B927DE68}.Ad-Hoc|iPhoneSimulator.ActiveCfg = Release|Any CPU
		{1DDD42BE-0C01-4135-88AF-02B4B927DE68}.Ad-Hoc|Mixed Platforms.ActiveCfg = Release|Any CPU
		{1DDD42BE-0C01-4135-88AF-02B4B927DE68}.Ad-Hoc|Mixed Platforms.Build.0 = Release|Any CPU
		{1DDD42BE-0C01-4135-88AF-02B4B927DE68}.Ad-Hoc|x86.ActiveCfg = Debug|Any CPU
		{1DDD42BE-0C01-4135-88AF-02B4B927DE68}.AppStore|Any CPU.ActiveCfg = Release|Any CPU
		{1DDD42BE-0C01-4135-88AF-02B4B927DE68}.AppStore|Any CPU.Build.0 = Release|Any CPU
		{1DDD42BE-0C01-4135-88AF-02B4B927DE68}.AppStore|ARM.ActiveCfg = Debug|Any CPU
		{1DDD42BE-0C01-4135-88AF-02B4B927DE68}.AppStore|iPhone.ActiveCfg = Release|Any CPU
		{1DDD42BE-0C01-4135-88AF-02B4B927DE68}.AppStore|iPhoneSimulator.ActiveCfg = Release|Any CPU
		{1DDD42BE-0C01-4135-88AF-02B4B927DE68}.AppStore|Mixed Platforms.ActiveCfg = Release|Any CPU
		{1DDD42BE-0C01-4135-88AF-02B4B927DE68}.AppStore|Mixed Platforms.Build.0 = Release|Any CPU
		{1DDD42BE-0C01-4135-88AF-02B4B927DE68}.AppStore|x86.ActiveCfg = Debug|Any CPU
		{1DDD42BE-0C01-4135-88AF-02B4B927DE68}.Debug|Any CPU.ActiveCfg = Debug|Any CPU
		{1DDD42BE-0C01-4135-88AF-02B4B927DE68}.Debug|Any CPU.Build.0 = Debug|Any CPU
		{1DDD42BE-0C01-4135-88AF-02B4B927DE68}.Debug|ARM.ActiveCfg = Debug|Any CPU
		{1DDD42BE-0C01-4135-88AF-02B4B927DE68}.Debug|iPhone.ActiveCfg = Debug|Any CPU
		{1DDD42BE-0C01-4135-88AF-02B4B927DE68}.Debug|iPhoneSimulator.ActiveCfg = Debug|Any CPU
		{1DDD42BE-0C01-4135-88AF-02B4B927DE68}.Debug|Mixed Platforms.ActiveCfg = Debug|Any CPU
		{1DDD42BE-0C01-4135-88AF-02B4B927DE68}.Debug|Mixed Platforms.Build.0 = Debug|Any CPU
		{1DDD42BE-0C01-4135-88AF-02B4B927DE68}.Debug|x86.ActiveCfg = Debug|Any CPU
		{1DDD42BE-0C01-4135-88AF-02B4B927DE68}.Release|Any CPU.ActiveCfg = Release|Any CPU
		{1DDD42BE-0C01-4135-88AF-02B4B927DE68}.Release|Any CPU.Build.0 = Release|Any CPU
		{1DDD42BE-0C01-4135-88AF-02B4B927DE68}.Release|ARM.ActiveCfg = Release|Any CPU
		{1DDD42BE-0C01-4135-88AF-02B4B927DE68}.Release|iPhone.ActiveCfg = Release|Any CPU
		{1DDD42BE-0C01-4135-88AF-02B4B927DE68}.Release|iPhoneSimulator.ActiveCfg = Release|Any CPU
		{1DDD42BE-0C01-4135-88AF-02B4B927DE68}.Release|Mixed Platforms.ActiveCfg = Release|Any CPU
		{1DDD42BE-0C01-4135-88AF-02B4B927DE68}.Release|Mixed Platforms.Build.0 = Release|Any CPU
		{1DDD42BE-0C01-4135-88AF-02B4B927DE68}.Release|x86.ActiveCfg = Release|Any CPU
		{31D666D3-331A-42BE-B807-0E9D649E2112}.Ad-Hoc|Any CPU.ActiveCfg = Release|Any CPU
		{31D666D3-331A-42BE-B807-0E9D649E2112}.Ad-Hoc|Any CPU.Build.0 = Release|Any CPU
		{31D666D3-331A-42BE-B807-0E9D649E2112}.Ad-Hoc|Any CPU.Deploy.0 = Release|Any CPU
		{31D666D3-331A-42BE-B807-0E9D649E2112}.Ad-Hoc|ARM.ActiveCfg = Debug|Any CPU
		{31D666D3-331A-42BE-B807-0E9D649E2112}.Ad-Hoc|iPhone.ActiveCfg = Release|Any CPU
		{31D666D3-331A-42BE-B807-0E9D649E2112}.Ad-Hoc|iPhoneSimulator.ActiveCfg = Release|Any CPU
		{31D666D3-331A-42BE-B807-0E9D649E2112}.Ad-Hoc|Mixed Platforms.ActiveCfg = Release|Any CPU
		{31D666D3-331A-42BE-B807-0E9D649E2112}.Ad-Hoc|Mixed Platforms.Build.0 = Release|Any CPU
		{31D666D3-331A-42BE-B807-0E9D649E2112}.Ad-Hoc|Mixed Platforms.Deploy.0 = Release|Any CPU
		{31D666D3-331A-42BE-B807-0E9D649E2112}.Ad-Hoc|x86.ActiveCfg = Debug|Any CPU
		{31D666D3-331A-42BE-B807-0E9D649E2112}.AppStore|Any CPU.ActiveCfg = Release|Any CPU
		{31D666D3-331A-42BE-B807-0E9D649E2112}.AppStore|Any CPU.Build.0 = Release|Any CPU
		{31D666D3-331A-42BE-B807-0E9D649E2112}.AppStore|Any CPU.Deploy.0 = Release|Any CPU
		{31D666D3-331A-42BE-B807-0E9D649E2112}.AppStore|ARM.ActiveCfg = Debug|Any CPU
		{31D666D3-331A-42BE-B807-0E9D649E2112}.AppStore|iPhone.ActiveCfg = Release|Any CPU
		{31D666D3-331A-42BE-B807-0E9D649E2112}.AppStore|iPhoneSimulator.ActiveCfg = Release|Any CPU
		{31D666D3-331A-42BE-B807-0E9D649E2112}.AppStore|Mixed Platforms.ActiveCfg = Release|Any CPU
		{31D666D3-331A-42BE-B807-0E9D649E2112}.AppStore|Mixed Platforms.Build.0 = Release|Any CPU
		{31D666D3-331A-42BE-B807-0E9D649E2112}.AppStore|Mixed Platforms.Deploy.0 = Release|Any CPU
		{31D666D3-331A-42BE-B807-0E9D649E2112}.AppStore|x86.ActiveCfg = Debug|Any CPU
		{31D666D3-331A-42BE-B807-0E9D649E2112}.Debug|Any CPU.ActiveCfg = Debug|Any CPU
		{31D666D3-331A-42BE-B807-0E9D649E2112}.Debug|Any CPU.Build.0 = Debug|Any CPU
		{31D666D3-331A-42BE-B807-0E9D649E2112}.Debug|Any CPU.Deploy.0 = Debug|Any CPU
		{31D666D3-331A-42BE-B807-0E9D649E2112}.Debug|ARM.ActiveCfg = Debug|Any CPU
		{31D666D3-331A-42BE-B807-0E9D649E2112}.Debug|iPhone.ActiveCfg = Debug|Any CPU
		{31D666D3-331A-42BE-B807-0E9D649E2112}.Debug|iPhoneSimulator.ActiveCfg = Debug|Any CPU
		{31D666D3-331A-42BE-B807-0E9D649E2112}.Debug|Mixed Platforms.ActiveCfg = Debug|Any CPU
		{31D666D3-331A-42BE-B807-0E9D649E2112}.Debug|Mixed Platforms.Build.0 = Debug|Any CPU
		{31D666D3-331A-42BE-B807-0E9D649E2112}.Debug|Mixed Platforms.Deploy.0 = Debug|Any CPU
		{31D666D3-331A-42BE-B807-0E9D649E2112}.Debug|x86.ActiveCfg = Debug|Any CPU
		{31D666D3-331A-42BE-B807-0E9D649E2112}.Release|Any CPU.ActiveCfg = Release|Any CPU
		{31D666D3-331A-42BE-B807-0E9D649E2112}.Release|Any CPU.Build.0 = Release|Any CPU
		{31D666D3-331A-42BE-B807-0E9D649E2112}.Release|Any CPU.Deploy.0 = Release|Any CPU
		{31D666D3-331A-42BE-B807-0E9D649E2112}.Release|ARM.ActiveCfg = Release|Any CPU
		{31D666D3-331A-42BE-B807-0E9D649E2112}.Release|iPhone.ActiveCfg = Release|Any CPU
		{31D666D3-331A-42BE-B807-0E9D649E2112}.Release|iPhoneSimulator.ActiveCfg = Release|Any CPU
		{31D666D3-331A-42BE-B807-0E9D649E2112}.Release|Mixed Platforms.ActiveCfg = Release|Any CPU
		{31D666D3-331A-42BE-B807-0E9D649E2112}.Release|Mixed Platforms.Build.0 = Release|Any CPU
		{31D666D3-331A-42BE-B807-0E9D649E2112}.Release|Mixed Platforms.Deploy.0 = Release|Any CPU
		{31D666D3-331A-42BE-B807-0E9D649E2112}.Release|x86.ActiveCfg = Release|Any CPU
		{3398DC54-4AA4-4EE1-9D33-2900BB3ADE61}.Ad-Hoc|Any CPU.ActiveCfg = Release|Any CPU
		{3398DC54-4AA4-4EE1-9D33-2900BB3ADE61}.Ad-Hoc|Any CPU.Build.0 = Release|Any CPU
		{3398DC54-4AA4-4EE1-9D33-2900BB3ADE61}.Ad-Hoc|Any CPU.Deploy.0 = Release|Any CPU
		{3398DC54-4AA4-4EE1-9D33-2900BB3ADE61}.Ad-Hoc|ARM.ActiveCfg = Release|ARM
		{3398DC54-4AA4-4EE1-9D33-2900BB3ADE61}.Ad-Hoc|ARM.Build.0 = Release|ARM
		{3398DC54-4AA4-4EE1-9D33-2900BB3ADE61}.Ad-Hoc|ARM.Deploy.0 = Release|ARM
		{3398DC54-4AA4-4EE1-9D33-2900BB3ADE61}.Ad-Hoc|iPhone.ActiveCfg = Release|Any CPU
		{3398DC54-4AA4-4EE1-9D33-2900BB3ADE61}.Ad-Hoc|iPhoneSimulator.ActiveCfg = Release|Any CPU
		{3398DC54-4AA4-4EE1-9D33-2900BB3ADE61}.Ad-Hoc|Mixed Platforms.ActiveCfg = Release|x86
		{3398DC54-4AA4-4EE1-9D33-2900BB3ADE61}.Ad-Hoc|Mixed Platforms.Build.0 = Release|x86
		{3398DC54-4AA4-4EE1-9D33-2900BB3ADE61}.Ad-Hoc|Mixed Platforms.Deploy.0 = Release|x86
		{3398DC54-4AA4-4EE1-9D33-2900BB3ADE61}.Ad-Hoc|x86.ActiveCfg = Release|x86
		{3398DC54-4AA4-4EE1-9D33-2900BB3ADE61}.Ad-Hoc|x86.Build.0 = Release|x86
		{3398DC54-4AA4-4EE1-9D33-2900BB3ADE61}.Ad-Hoc|x86.Deploy.0 = Release|x86
		{3398DC54-4AA4-4EE1-9D33-2900BB3ADE61}.AppStore|Any CPU.ActiveCfg = Release|Any CPU
		{3398DC54-4AA4-4EE1-9D33-2900BB3ADE61}.AppStore|Any CPU.Build.0 = Release|Any CPU
		{3398DC54-4AA4-4EE1-9D33-2900BB3ADE61}.AppStore|Any CPU.Deploy.0 = Release|Any CPU
		{3398DC54-4AA4-4EE1-9D33-2900BB3ADE61}.AppStore|ARM.ActiveCfg = Release|ARM
		{3398DC54-4AA4-4EE1-9D33-2900BB3ADE61}.AppStore|ARM.Build.0 = Release|ARM
		{3398DC54-4AA4-4EE1-9D33-2900BB3ADE61}.AppStore|ARM.Deploy.0 = Release|ARM
		{3398DC54-4AA4-4EE1-9D33-2900BB3ADE61}.AppStore|iPhone.ActiveCfg = Release|Any CPU
		{3398DC54-4AA4-4EE1-9D33-2900BB3ADE61}.AppStore|iPhoneSimulator.ActiveCfg = Release|Any CPU
		{3398DC54-4AA4-4EE1-9D33-2900BB3ADE61}.AppStore|Mixed Platforms.ActiveCfg = Release|x86
		{3398DC54-4AA4-4EE1-9D33-2900BB3ADE61}.AppStore|Mixed Platforms.Build.0 = Release|x86
		{3398DC54-4AA4-4EE1-9D33-2900BB3ADE61}.AppStore|Mixed Platforms.Deploy.0 = Release|x86
		{3398DC54-4AA4-4EE1-9D33-2900BB3ADE61}.AppStore|x86.ActiveCfg = Release|x86
		{3398DC54-4AA4-4EE1-9D33-2900BB3ADE61}.AppStore|x86.Build.0 = Release|x86
		{3398DC54-4AA4-4EE1-9D33-2900BB3ADE61}.AppStore|x86.Deploy.0 = Release|x86
		{3398DC54-4AA4-4EE1-9D33-2900BB3ADE61}.Debug|Any CPU.ActiveCfg = Debug|Any CPU
		{3398DC54-4AA4-4EE1-9D33-2900BB3ADE61}.Debug|Any CPU.Build.0 = Debug|Any CPU
		{3398DC54-4AA4-4EE1-9D33-2900BB3ADE61}.Debug|Any CPU.Deploy.0 = Debug|Any CPU
		{3398DC54-4AA4-4EE1-9D33-2900BB3ADE61}.Debug|ARM.ActiveCfg = Debug|ARM
		{3398DC54-4AA4-4EE1-9D33-2900BB3ADE61}.Debug|ARM.Build.0 = Debug|ARM
		{3398DC54-4AA4-4EE1-9D33-2900BB3ADE61}.Debug|ARM.Deploy.0 = Debug|ARM
		{3398DC54-4AA4-4EE1-9D33-2900BB3ADE61}.Debug|iPhone.ActiveCfg = Debug|Any CPU
		{3398DC54-4AA4-4EE1-9D33-2900BB3ADE61}.Debug|iPhoneSimulator.ActiveCfg = Debug|Any CPU
		{3398DC54-4AA4-4EE1-9D33-2900BB3ADE61}.Debug|Mixed Platforms.ActiveCfg = Debug|x86
		{3398DC54-4AA4-4EE1-9D33-2900BB3ADE61}.Debug|Mixed Platforms.Build.0 = Debug|x86
		{3398DC54-4AA4-4EE1-9D33-2900BB3ADE61}.Debug|Mixed Platforms.Deploy.0 = Debug|x86
		{3398DC54-4AA4-4EE1-9D33-2900BB3ADE61}.Debug|x86.ActiveCfg = Debug|x86
		{3398DC54-4AA4-4EE1-9D33-2900BB3ADE61}.Debug|x86.Build.0 = Debug|x86
		{3398DC54-4AA4-4EE1-9D33-2900BB3ADE61}.Debug|x86.Deploy.0 = Debug|x86
		{3398DC54-4AA4-4EE1-9D33-2900BB3ADE61}.Release|Any CPU.ActiveCfg = Release|Any CPU
		{3398DC54-4AA4-4EE1-9D33-2900BB3ADE61}.Release|Any CPU.Build.0 = Release|Any CPU
		{3398DC54-4AA4-4EE1-9D33-2900BB3ADE61}.Release|Any CPU.Deploy.0 = Release|Any CPU
		{3398DC54-4AA4-4EE1-9D33-2900BB3ADE61}.Release|ARM.ActiveCfg = Release|ARM
		{3398DC54-4AA4-4EE1-9D33-2900BB3ADE61}.Release|ARM.Build.0 = Release|ARM
		{3398DC54-4AA4-4EE1-9D33-2900BB3ADE61}.Release|ARM.Deploy.0 = Release|ARM
		{3398DC54-4AA4-4EE1-9D33-2900BB3ADE61}.Release|iPhone.ActiveCfg = Release|Any CPU
		{3398DC54-4AA4-4EE1-9D33-2900BB3ADE61}.Release|iPhoneSimulator.ActiveCfg = Release|Any CPU
		{3398DC54-4AA4-4EE1-9D33-2900BB3ADE61}.Release|Mixed Platforms.ActiveCfg = Release|x86
		{3398DC54-4AA4-4EE1-9D33-2900BB3ADE61}.Release|Mixed Platforms.Build.0 = Release|x86
		{3398DC54-4AA4-4EE1-9D33-2900BB3ADE61}.Release|Mixed Platforms.Deploy.0 = Release|x86
		{3398DC54-4AA4-4EE1-9D33-2900BB3ADE61}.Release|x86.ActiveCfg = Release|x86
		{3398DC54-4AA4-4EE1-9D33-2900BB3ADE61}.Release|x86.Build.0 = Release|x86
		{3398DC54-4AA4-4EE1-9D33-2900BB3ADE61}.Release|x86.Deploy.0 = Release|x86
		{2FB6BEA6-9E10-48C1-A3B6-4839813967AF}.Ad-Hoc|Any CPU.ActiveCfg = Release|Any CPU
		{2FB6BEA6-9E10-48C1-A3B6-4839813967AF}.Ad-Hoc|Any CPU.Build.0 = Release|Any CPU
		{2FB6BEA6-9E10-48C1-A3B6-4839813967AF}.Ad-Hoc|Any CPU.Deploy.0 = Release|Any CPU
		{2FB6BEA6-9E10-48C1-A3B6-4839813967AF}.Ad-Hoc|ARM.ActiveCfg = Release|ARM
		{2FB6BEA6-9E10-48C1-A3B6-4839813967AF}.Ad-Hoc|ARM.Build.0 = Release|ARM
		{2FB6BEA6-9E10-48C1-A3B6-4839813967AF}.Ad-Hoc|ARM.Deploy.0 = Release|ARM
		{2FB6BEA6-9E10-48C1-A3B6-4839813967AF}.Ad-Hoc|iPhone.ActiveCfg = Release|Any CPU
		{2FB6BEA6-9E10-48C1-A3B6-4839813967AF}.Ad-Hoc|iPhoneSimulator.ActiveCfg = Release|Any CPU
		{2FB6BEA6-9E10-48C1-A3B6-4839813967AF}.Ad-Hoc|Mixed Platforms.ActiveCfg = Release|x86
		{2FB6BEA6-9E10-48C1-A3B6-4839813967AF}.Ad-Hoc|Mixed Platforms.Build.0 = Release|x86
		{2FB6BEA6-9E10-48C1-A3B6-4839813967AF}.Ad-Hoc|Mixed Platforms.Deploy.0 = Release|x86
		{2FB6BEA6-9E10-48C1-A3B6-4839813967AF}.Ad-Hoc|x86.ActiveCfg = Release|x86
		{2FB6BEA6-9E10-48C1-A3B6-4839813967AF}.Ad-Hoc|x86.Build.0 = Release|x86
		{2FB6BEA6-9E10-48C1-A3B6-4839813967AF}.Ad-Hoc|x86.Deploy.0 = Release|x86
		{2FB6BEA6-9E10-48C1-A3B6-4839813967AF}.AppStore|Any CPU.ActiveCfg = Release|Any CPU
		{2FB6BEA6-9E10-48C1-A3B6-4839813967AF}.AppStore|Any CPU.Build.0 = Release|Any CPU
		{2FB6BEA6-9E10-48C1-A3B6-4839813967AF}.AppStore|Any CPU.Deploy.0 = Release|Any CPU
		{2FB6BEA6-9E10-48C1-A3B6-4839813967AF}.AppStore|ARM.ActiveCfg = Release|ARM
		{2FB6BEA6-9E10-48C1-A3B6-4839813967AF}.AppStore|ARM.Build.0 = Release|ARM
		{2FB6BEA6-9E10-48C1-A3B6-4839813967AF}.AppStore|ARM.Deploy.0 = Release|ARM
		{2FB6BEA6-9E10-48C1-A3B6-4839813967AF}.AppStore|iPhone.ActiveCfg = Release|Any CPU
		{2FB6BEA6-9E10-48C1-A3B6-4839813967AF}.AppStore|iPhoneSimulator.ActiveCfg = Release|Any CPU
		{2FB6BEA6-9E10-48C1-A3B6-4839813967AF}.AppStore|Mixed Platforms.ActiveCfg = Release|x86
		{2FB6BEA6-9E10-48C1-A3B6-4839813967AF}.AppStore|Mixed Platforms.Build.0 = Release|x86
		{2FB6BEA6-9E10-48C1-A3B6-4839813967AF}.AppStore|Mixed Platforms.Deploy.0 = Release|x86
		{2FB6BEA6-9E10-48C1-A3B6-4839813967AF}.AppStore|x86.ActiveCfg = Release|x86
		{2FB6BEA6-9E10-48C1-A3B6-4839813967AF}.AppStore|x86.Build.0 = Release|x86
		{2FB6BEA6-9E10-48C1-A3B6-4839813967AF}.AppStore|x86.Deploy.0 = Release|x86
		{2FB6BEA6-9E10-48C1-A3B6-4839813967AF}.Debug|Any CPU.ActiveCfg = Debug|Any CPU
		{2FB6BEA6-9E10-48C1-A3B6-4839813967AF}.Debug|Any CPU.Build.0 = Debug|Any CPU
		{2FB6BEA6-9E10-48C1-A3B6-4839813967AF}.Debug|Any CPU.Deploy.0 = Debug|Any CPU
		{2FB6BEA6-9E10-48C1-A3B6-4839813967AF}.Debug|ARM.ActiveCfg = Debug|ARM
		{2FB6BEA6-9E10-48C1-A3B6-4839813967AF}.Debug|ARM.Build.0 = Debug|ARM
		{2FB6BEA6-9E10-48C1-A3B6-4839813967AF}.Debug|ARM.Deploy.0 = Debug|ARM
		{2FB6BEA6-9E10-48C1-A3B6-4839813967AF}.Debug|iPhone.ActiveCfg = Debug|Any CPU
		{2FB6BEA6-9E10-48C1-A3B6-4839813967AF}.Debug|iPhoneSimulator.ActiveCfg = Debug|Any CPU
		{2FB6BEA6-9E10-48C1-A3B6-4839813967AF}.Debug|Mixed Platforms.ActiveCfg = Debug|x86
		{2FB6BEA6-9E10-48C1-A3B6-4839813967AF}.Debug|Mixed Platforms.Build.0 = Debug|x86
		{2FB6BEA6-9E10-48C1-A3B6-4839813967AF}.Debug|Mixed Platforms.Deploy.0 = Debug|x86
		{2FB6BEA6-9E10-48C1-A3B6-4839813967AF}.Debug|x86.ActiveCfg = Debug|x86
		{2FB6BEA6-9E10-48C1-A3B6-4839813967AF}.Debug|x86.Build.0 = Debug|x86
		{2FB6BEA6-9E10-48C1-A3B6-4839813967AF}.Debug|x86.Deploy.0 = Debug|x86
		{2FB6BEA6-9E10-48C1-A3B6-4839813967AF}.Release|Any CPU.ActiveCfg = Release|Any CPU
		{2FB6BEA6-9E10-48C1-A3B6-4839813967AF}.Release|Any CPU.Build.0 = Release|Any CPU
		{2FB6BEA6-9E10-48C1-A3B6-4839813967AF}.Release|Any CPU.Deploy.0 = Release|Any CPU
		{2FB6BEA6-9E10-48C1-A3B6-4839813967AF}.Release|ARM.ActiveCfg = Release|ARM
		{2FB6BEA6-9E10-48C1-A3B6-4839813967AF}.Release|ARM.Build.0 = Release|ARM
		{2FB6BEA6-9E10-48C1-A3B6-4839813967AF}.Release|ARM.Deploy.0 = Release|ARM
		{2FB6BEA6-9E10-48C1-A3B6-4839813967AF}.Release|iPhone.ActiveCfg = Release|Any CPU
		{2FB6BEA6-9E10-48C1-A3B6-4839813967AF}.Release|iPhoneSimulator.ActiveCfg = Release|Any CPU
		{2FB6BEA6-9E10-48C1-A3B6-4839813967AF}.Release|Mixed Platforms.ActiveCfg = Release|x86
		{2FB6BEA6-9E10-48C1-A3B6-4839813967AF}.Release|Mixed Platforms.Build.0 = Release|x86
		{2FB6BEA6-9E10-48C1-A3B6-4839813967AF}.Release|Mixed Platforms.Deploy.0 = Release|x86
		{2FB6BEA6-9E10-48C1-A3B6-4839813967AF}.Release|x86.ActiveCfg = Release|x86
		{2FB6BEA6-9E10-48C1-A3B6-4839813967AF}.Release|x86.Build.0 = Release|x86
		{2FB6BEA6-9E10-48C1-A3B6-4839813967AF}.Release|x86.Deploy.0 = Release|x86
		{323151C7-1C4C-404F-8F4B-F25248873CD6}.Ad-Hoc|Any CPU.ActiveCfg = Ad-Hoc|iPhone
		{323151C7-1C4C-404F-8F4B-F25248873CD6}.Ad-Hoc|ARM.ActiveCfg = Ad-Hoc|iPhone
		{323151C7-1C4C-404F-8F4B-F25248873CD6}.Ad-Hoc|iPhone.ActiveCfg = Ad-Hoc|iPhone
		{323151C7-1C4C-404F-8F4B-F25248873CD6}.Ad-Hoc|iPhone.Build.0 = Ad-Hoc|iPhone
		{323151C7-1C4C-404F-8F4B-F25248873CD6}.Ad-Hoc|iPhone.Deploy.0 = Ad-Hoc|iPhone
		{323151C7-1C4C-404F-8F4B-F25248873CD6}.Ad-Hoc|iPhoneSimulator.ActiveCfg = Ad-Hoc|iPhoneSimulator
		{323151C7-1C4C-404F-8F4B-F25248873CD6}.Ad-Hoc|iPhoneSimulator.Build.0 = Ad-Hoc|iPhoneSimulator
		{323151C7-1C4C-404F-8F4B-F25248873CD6}.Ad-Hoc|iPhoneSimulator.Deploy.0 = Ad-Hoc|iPhoneSimulator
		{323151C7-1C4C-404F-8F4B-F25248873CD6}.Ad-Hoc|Mixed Platforms.ActiveCfg = Ad-Hoc|iPhone
		{323151C7-1C4C-404F-8F4B-F25248873CD6}.Ad-Hoc|Mixed Platforms.Build.0 = Ad-Hoc|iPhone
		{323151C7-1C4C-404F-8F4B-F25248873CD6}.Ad-Hoc|Mixed Platforms.Deploy.0 = Ad-Hoc|iPhone
		{323151C7-1C4C-404F-8F4B-F25248873CD6}.Ad-Hoc|x86.ActiveCfg = Ad-Hoc|iPhone
		{323151C7-1C4C-404F-8F4B-F25248873CD6}.AppStore|Any CPU.ActiveCfg = AppStore|iPhone
		{323151C7-1C4C-404F-8F4B-F25248873CD6}.AppStore|ARM.ActiveCfg = AppStore|iPhone
		{323151C7-1C4C-404F-8F4B-F25248873CD6}.AppStore|iPhone.ActiveCfg = AppStore|iPhone
		{323151C7-1C4C-404F-8F4B-F25248873CD6}.AppStore|iPhone.Build.0 = AppStore|iPhone
		{323151C7-1C4C-404F-8F4B-F25248873CD6}.AppStore|iPhone.Deploy.0 = AppStore|iPhone
		{323151C7-1C4C-404F-8F4B-F25248873CD6}.AppStore|iPhoneSimulator.ActiveCfg = AppStore|iPhoneSimulator
		{323151C7-1C4C-404F-8F4B-F25248873CD6}.AppStore|iPhoneSimulator.Build.0 = AppStore|iPhoneSimulator
		{323151C7-1C4C-404F-8F4B-F25248873CD6}.AppStore|iPhoneSimulator.Deploy.0 = AppStore|iPhoneSimulator
		{323151C7-1C4C-404F-8F4B-F25248873CD6}.AppStore|Mixed Platforms.ActiveCfg = AppStore|iPhone
		{323151C7-1C4C-404F-8F4B-F25248873CD6}.AppStore|Mixed Platforms.Build.0 = AppStore|iPhone
		{323151C7-1C4C-404F-8F4B-F25248873CD6}.AppStore|Mixed Platforms.Deploy.0 = AppStore|iPhone
		{323151C7-1C4C-404F-8F4B-F25248873CD6}.AppStore|x86.ActiveCfg = AppStore|iPhone
		{323151C7-1C4C-404F-8F4B-F25248873CD6}.Debug|Any CPU.ActiveCfg = Debug|iPhone
		{323151C7-1C4C-404F-8F4B-F25248873CD6}.Debug|ARM.ActiveCfg = Debug|iPhone
		{323151C7-1C4C-404F-8F4B-F25248873CD6}.Debug|iPhone.ActiveCfg = Debug|iPhone
		{323151C7-1C4C-404F-8F4B-F25248873CD6}.Debug|iPhone.Build.0 = Debug|iPhone
		{323151C7-1C4C-404F-8F4B-F25248873CD6}.Debug|iPhone.Deploy.0 = Debug|iPhone
		{323151C7-1C4C-404F-8F4B-F25248873CD6}.Debug|iPhoneSimulator.ActiveCfg = Debug|iPhoneSimulator
		{323151C7-1C4C-404F-8F4B-F25248873CD6}.Debug|iPhoneSimulator.Build.0 = Debug|iPhoneSimulator
		{323151C7-1C4C-404F-8F4B-F25248873CD6}.Debug|iPhoneSimulator.Deploy.0 = Debug|iPhoneSimulator
		{323151C7-1C4C-404F-8F4B-F25248873CD6}.Debug|Mixed Platforms.ActiveCfg = Debug|iPhoneSimulator
		{323151C7-1C4C-404F-8F4B-F25248873CD6}.Debug|Mixed Platforms.Build.0 = Debug|iPhoneSimulator
		{323151C7-1C4C-404F-8F4B-F25248873CD6}.Debug|Mixed Platforms.Deploy.0 = Debug|iPhoneSimulator
		{323151C7-1C4C-404F-8F4B-F25248873CD6}.Debug|x86.ActiveCfg = Debug|iPhone
		{323151C7-1C4C-404F-8F4B-F25248873CD6}.Release|Any CPU.ActiveCfg = Release|iPhone
		{323151C7-1C4C-404F-8F4B-F25248873CD6}.Release|ARM.ActiveCfg = Release|iPhone
		{323151C7-1C4C-404F-8F4B-F25248873CD6}.Release|iPhone.ActiveCfg = Release|iPhone
		{323151C7-1C4C-404F-8F4B-F25248873CD6}.Release|iPhone.Build.0 = Release|iPhone
		{323151C7-1C4C-404F-8F4B-F25248873CD6}.Release|iPhone.Deploy.0 = Release|iPhone
		{323151C7-1C4C-404F-8F4B-F25248873CD6}.Release|iPhoneSimulator.ActiveCfg = Release|iPhoneSimulator
		{323151C7-1C4C-404F-8F4B-F25248873CD6}.Release|iPhoneSimulator.Build.0 = Release|iPhoneSimulator
		{323151C7-1C4C-404F-8F4B-F25248873CD6}.Release|iPhoneSimulator.Deploy.0 = Release|iPhoneSimulator
		{323151C7-1C4C-404F-8F4B-F25248873CD6}.Release|Mixed Platforms.ActiveCfg = Release|iPhone
		{323151C7-1C4C-404F-8F4B-F25248873CD6}.Release|Mixed Platforms.Build.0 = Release|iPhone
		{323151C7-1C4C-404F-8F4B-F25248873CD6}.Release|Mixed Platforms.Deploy.0 = Release|iPhone
		{323151C7-1C4C-404F-8F4B-F25248873CD6}.Release|x86.ActiveCfg = Release|iPhone
		{B9F26363-D51F-4C75-9648-3309BC6940B1}.Ad-Hoc|Any CPU.ActiveCfg = Release|Any CPU
		{B9F26363-D51F-4C75-9648-3309BC6940B1}.Ad-Hoc|Any CPU.Build.0 = Release|Any CPU
		{B9F26363-D51F-4C75-9648-3309BC6940B1}.Ad-Hoc|Any CPU.Deploy.0 = Release|Any CPU
		{B9F26363-D51F-4C75-9648-3309BC6940B1}.Ad-Hoc|ARM.ActiveCfg = Release|Any CPU
		{B9F26363-D51F-4C75-9648-3309BC6940B1}.Ad-Hoc|iPhone.ActiveCfg = Release|Any CPU
		{B9F26363-D51F-4C75-9648-3309BC6940B1}.Ad-Hoc|iPhoneSimulator.ActiveCfg = Release|Any CPU
		{B9F26363-D51F-4C75-9648-3309BC6940B1}.Ad-Hoc|Mixed Platforms.ActiveCfg = Release|Any CPU
		{B9F26363-D51F-4C75-9648-3309BC6940B1}.Ad-Hoc|Mixed Platforms.Build.0 = Release|Any CPU
		{B9F26363-D51F-4C75-9648-3309BC6940B1}.Ad-Hoc|Mixed Platforms.Deploy.0 = Release|Any CPU
		{B9F26363-D51F-4C75-9648-3309BC6940B1}.Ad-Hoc|x86.ActiveCfg = Release|Any CPU
		{B9F26363-D51F-4C75-9648-3309BC6940B1}.AppStore|Any CPU.ActiveCfg = Release|Any CPU
		{B9F26363-D51F-4C75-9648-3309BC6940B1}.AppStore|Any CPU.Build.0 = Release|Any CPU
		{B9F26363-D51F-4C75-9648-3309BC6940B1}.AppStore|Any CPU.Deploy.0 = Release|Any CPU
		{B9F26363-D51F-4C75-9648-3309BC6940B1}.AppStore|ARM.ActiveCfg = Release|Any CPU
		{B9F26363-D51F-4C75-9648-3309BC6940B1}.AppStore|iPhone.ActiveCfg = Release|Any CPU
		{B9F26363-D51F-4C75-9648-3309BC6940B1}.AppStore|iPhoneSimulator.ActiveCfg = Release|Any CPU
		{B9F26363-D51F-4C75-9648-3309BC6940B1}.AppStore|Mixed Platforms.ActiveCfg = Release|Any CPU
		{B9F26363-D51F-4C75-9648-3309BC6940B1}.AppStore|Mixed Platforms.Build.0 = Release|Any CPU
		{B9F26363-D51F-4C75-9648-3309BC6940B1}.AppStore|Mixed Platforms.Deploy.0 = Release|Any CPU
		{B9F26363-D51F-4C75-9648-3309BC6940B1}.AppStore|x86.ActiveCfg = Release|Any CPU
		{B9F26363-D51F-4C75-9648-3309BC6940B1}.Debug|Any CPU.ActiveCfg = Debug|Any CPU
		{B9F26363-D51F-4C75-9648-3309BC6940B1}.Debug|Any CPU.Build.0 = Debug|Any CPU
		{B9F26363-D51F-4C75-9648-3309BC6940B1}.Debug|Any CPU.Deploy.0 = Debug|Any CPU
		{B9F26363-D51F-4C75-9648-3309BC6940B1}.Debug|ARM.ActiveCfg = Debug|Any CPU
		{B9F26363-D51F-4C75-9648-3309BC6940B1}.Debug|iPhone.ActiveCfg = Debug|Any CPU
		{B9F26363-D51F-4C75-9648-3309BC6940B1}.Debug|iPhoneSimulator.ActiveCfg = Debug|Any CPU
		{B9F26363-D51F-4C75-9648-3309BC6940B1}.Debug|Mixed Platforms.ActiveCfg = Debug|Any CPU
		{B9F26363-D51F-4C75-9648-3309BC6940B1}.Debug|Mixed Platforms.Build.0 = Debug|Any CPU
		{B9F26363-D51F-4C75-9648-3309BC6940B1}.Debug|Mixed Platforms.Deploy.0 = Debug|Any CPU
		{B9F26363-D51F-4C75-9648-3309BC6940B1}.Debug|x86.ActiveCfg = Debug|Any CPU
		{B9F26363-D51F-4C75-9648-3309BC6940B1}.Release|Any CPU.ActiveCfg = Release|Any CPU
		{B9F26363-D51F-4C75-9648-3309BC6940B1}.Release|Any CPU.Build.0 = Release|Any CPU
		{B9F26363-D51F-4C75-9648-3309BC6940B1}.Release|Any CPU.Deploy.0 = Release|Any CPU
		{B9F26363-D51F-4C75-9648-3309BC6940B1}.Release|ARM.ActiveCfg = Release|Any CPU
		{B9F26363-D51F-4C75-9648-3309BC6940B1}.Release|iPhone.ActiveCfg = Release|Any CPU
		{B9F26363-D51F-4C75-9648-3309BC6940B1}.Release|iPhoneSimulator.ActiveCfg = Release|Any CPU
		{B9F26363-D51F-4C75-9648-3309BC6940B1}.Release|Mixed Platforms.ActiveCfg = Release|Any CPU
		{B9F26363-D51F-4C75-9648-3309BC6940B1}.Release|Mixed Platforms.Build.0 = Release|Any CPU
		{B9F26363-D51F-4C75-9648-3309BC6940B1}.Release|Mixed Platforms.Deploy.0 = Release|Any CPU
		{B9F26363-D51F-4C75-9648-3309BC6940B1}.Release|x86.ActiveCfg = Release|Any CPU
		{FF841FF9-5152-4AE9-9243-08EB41B90B7B}.Ad-Hoc|Any CPU.ActiveCfg = Release|Any CPU
		{FF841FF9-5152-4AE9-9243-08EB41B90B7B}.Ad-Hoc|Any CPU.Build.0 = Release|Any CPU
		{FF841FF9-5152-4AE9-9243-08EB41B90B7B}.Ad-Hoc|ARM.ActiveCfg = Release|Any CPU
		{FF841FF9-5152-4AE9-9243-08EB41B90B7B}.Ad-Hoc|iPhone.ActiveCfg = Release|Any CPU
		{FF841FF9-5152-4AE9-9243-08EB41B90B7B}.Ad-Hoc|iPhoneSimulator.ActiveCfg = Release|Any CPU
		{FF841FF9-5152-4AE9-9243-08EB41B90B7B}.Ad-Hoc|Mixed Platforms.ActiveCfg = Release|Any CPU
		{FF841FF9-5152-4AE9-9243-08EB41B90B7B}.Ad-Hoc|Mixed Platforms.Build.0 = Release|Any CPU
		{FF841FF9-5152-4AE9-9243-08EB41B90B7B}.Ad-Hoc|x86.ActiveCfg = Release|Any CPU
		{FF841FF9-5152-4AE9-9243-08EB41B90B7B}.AppStore|Any CPU.ActiveCfg = Release|Any CPU
		{FF841FF9-5152-4AE9-9243-08EB41B90B7B}.AppStore|Any CPU.Build.0 = Release|Any CPU
		{FF841FF9-5152-4AE9-9243-08EB41B90B7B}.AppStore|ARM.ActiveCfg = Release|Any CPU
		{FF841FF9-5152-4AE9-9243-08EB41B90B7B}.AppStore|iPhone.ActiveCfg = Release|Any CPU
		{FF841FF9-5152-4AE9-9243-08EB41B90B7B}.AppStore|iPhoneSimulator.ActiveCfg = Release|Any CPU
		{FF841FF9-5152-4AE9-9243-08EB41B90B7B}.AppStore|Mixed Platforms.ActiveCfg = Release|Any CPU
		{FF841FF9-5152-4AE9-9243-08EB41B90B7B}.AppStore|Mixed Platforms.Build.0 = Release|Any CPU
		{FF841FF9-5152-4AE9-9243-08EB41B90B7B}.AppStore|x86.ActiveCfg = Release|Any CPU
		{FF841FF9-5152-4AE9-9243-08EB41B90B7B}.Debug|Any CPU.ActiveCfg = Debug|Any CPU
		{FF841FF9-5152-4AE9-9243-08EB41B90B7B}.Debug|Any CPU.Build.0 = Debug|Any CPU
		{FF841FF9-5152-4AE9-9243-08EB41B90B7B}.Debug|ARM.ActiveCfg = Debug|Any CPU
		{FF841FF9-5152-4AE9-9243-08EB41B90B7B}.Debug|iPhone.ActiveCfg = Debug|Any CPU
		{FF841FF9-5152-4AE9-9243-08EB41B90B7B}.Debug|iPhoneSimulator.ActiveCfg = Debug|Any CPU
		{FF841FF9-5152-4AE9-9243-08EB41B90B7B}.Debug|Mixed Platforms.ActiveCfg = Debug|Any CPU
		{FF841FF9-5152-4AE9-9243-08EB41B90B7B}.Debug|Mixed Platforms.Build.0 = Debug|Any CPU
		{FF841FF9-5152-4AE9-9243-08EB41B90B7B}.Debug|x86.ActiveCfg = Debug|Any CPU
		{FF841FF9-5152-4AE9-9243-08EB41B90B7B}.Release|Any CPU.ActiveCfg = Release|Any CPU
		{FF841FF9-5152-4AE9-9243-08EB41B90B7B}.Release|Any CPU.Build.0 = Release|Any CPU
		{FF841FF9-5152-4AE9-9243-08EB41B90B7B}.Release|ARM.ActiveCfg = Release|Any CPU
		{FF841FF9-5152-4AE9-9243-08EB41B90B7B}.Release|iPhone.ActiveCfg = Release|Any CPU
		{FF841FF9-5152-4AE9-9243-08EB41B90B7B}.Release|iPhoneSimulator.ActiveCfg = Release|Any CPU
		{FF841FF9-5152-4AE9-9243-08EB41B90B7B}.Release|Mixed Platforms.ActiveCfg = Release|Any CPU
		{FF841FF9-5152-4AE9-9243-08EB41B90B7B}.Release|Mixed Platforms.Build.0 = Release|Any CPU
		{FF841FF9-5152-4AE9-9243-08EB41B90B7B}.Release|x86.ActiveCfg = Release|Any CPU
	EndGlobalSection
	GlobalSection(SolutionProperties) = preSolution
		HideSolutionNode = FALSE
	EndGlobalSection
	GlobalSection(NestedProjects) = preSolution
		{EB954050-453A-4156-9ED7-4FD38F603044} = {F277B6E8-8871-4036-9784-527FB2D7A828}
		{31D666D3-331A-42BE-B807-0E9D649E2112} = {F277B6E8-8871-4036-9784-527FB2D7A828}
		{4C3846B8-9F57-478B-B35E-5971D2F4BBBC} = {F277B6E8-8871-4036-9784-527FB2D7A828}
		{3398DC54-4AA4-4EE1-9D33-2900BB3ADE61} = {F277B6E8-8871-4036-9784-527FB2D7A828}
		{2FB6BEA6-9E10-48C1-A3B6-4839813967AF} = {8E7F03E2-D521-47DF-8D63-BB4768CA79B8}
		{323151C7-1C4C-404F-8F4B-F25248873CD6} = {8E7F03E2-D521-47DF-8D63-BB4768CA79B8}
		{B9F26363-D51F-4C75-9648-3309BC6940B1} = {8E7F03E2-D521-47DF-8D63-BB4768CA79B8}
		{FB4D993D-1613-4C31-A83E-1C19E49E85A4} = {8E7F03E2-D521-47DF-8D63-BB4768CA79B8}
	EndGlobalSection
EndGlobal
