
Microsoft Visual Studio Solution File, Format Version 12.00
# Visual Studio 2013
VisualStudioVersion = 12.0.30501.0
MinimumVisualStudioVersion = 10.0.40219.1
Project("{FAE04EC0-301F-11D3-BF4B-00C04F79EFBC}") = "XplatChat.NativeApp.iPhone", "XplatChat.NativeApp.iPhone\XplatChat.NativeApp.iPhone.csproj", "{EB954050-453A-4156-9ED7-4FD38F603044}"
EndProject
Project("{FAE04EC0-301F-11D3-BF4B-00C04F79EFBC}") = "XplatChat.Contract.Pcl", "..\Service\XplatChat.Contract.Pcl\XplatChat.Contract.Pcl.csproj", "{1DDD42BE-0C01-4135-88AF-02B4B927DE68}"
EndProject
Project("{FAE04EC0-301F-11D3-BF4B-00C04F79EFBC}") = "XplatChat.NativeApp.Android", "XplatChat.NativeApp.Android\XplatChat.NativeApp.Android.csproj", "{31D666D3-331A-42BE-B807-0E9D649E2112}"
EndProject
Project("{D954291E-2A0B-460D-934E-DC6B0785DB48}") = "XplatChat.NativeApp.Shared", "XplatChat.NativeApp.Shared\XplatChat.NativeApp.Shared.shproj", "{4C3846B8-9F57-478B-B35E-5971D2F4BBBC}"
EndProject
Global
	GlobalSection(SharedMSBuildProjectFiles) = preSolution
		XplatChat.NativeApp.Shared\XplatChat.NativeApp.Shared.projitems*{4c3846b8-9f57-478b-b35e-5971d2f4bbbc}*SharedItemsImports = 13
		XplatChat.NativeApp.Shared\XplatChat.NativeApp.Shared.projitems*{eb954050-453a-4156-9ed7-4fd38f603044}*SharedItemsImports = 4
		XplatChat.NativeApp.Shared\XplatChat.NativeApp.Shared.projitems*{31d666d3-331a-42be-b807-0e9d649e2112}*SharedItemsImports = 4
	EndGlobalSection
	GlobalSection(SolutionConfigurationPlatforms) = preSolution
		Ad-Hoc|Any CPU = Ad-Hoc|Any CPU
		Ad-Hoc|iPhone = Ad-Hoc|iPhone
		Ad-Hoc|iPhoneSimulator = Ad-Hoc|iPhoneSimulator
		Ad-Hoc|Mixed Platforms = Ad-Hoc|Mixed Platforms
		AppStore|Any CPU = AppStore|Any CPU
		AppStore|iPhone = AppStore|iPhone
		AppStore|iPhoneSimulator = AppStore|iPhoneSimulator
		AppStore|Mixed Platforms = AppStore|Mixed Platforms
		Debug|Any CPU = Debug|Any CPU
		Debug|iPhone = Debug|iPhone
		Debug|iPhoneSimulator = Debug|iPhoneSimulator
		Debug|Mixed Platforms = Debug|Mixed Platforms
		Release|Any CPU = Release|Any CPU
		Release|iPhone = Release|iPhone
		Release|iPhoneSimulator = Release|iPhoneSimulator
		Release|Mixed Platforms = Release|Mixed Platforms
	EndGlobalSection
	GlobalSection(ProjectConfigurationPlatforms) = postSolution
		{EB954050-453A-4156-9ED7-4FD38F603044}.Ad-Hoc|Any CPU.ActiveCfg = Ad-Hoc|iPhoneSimulator
		{EB954050-453A-4156-9ED7-4FD38F603044}.Ad-Hoc|iPhone.ActiveCfg = Ad-Hoc|iPhone
		{EB954050-453A-4156-9ED7-4FD38F603044}.Ad-Hoc|iPhone.Build.0 = Ad-Hoc|iPhone
		{EB954050-453A-4156-9ED7-4FD38F603044}.Ad-Hoc|iPhone.Deploy.0 = Ad-Hoc|iPhone
		{EB954050-453A-4156-9ED7-4FD38F603044}.Ad-Hoc|iPhoneSimulator.ActiveCfg = Ad-Hoc|iPhoneSimulator
		{EB954050-453A-4156-9ED7-4FD38F603044}.Ad-Hoc|iPhoneSimulator.Build.0 = Ad-Hoc|iPhoneSimulator
		{EB954050-453A-4156-9ED7-4FD38F603044}.Ad-Hoc|iPhoneSimulator.Deploy.0 = Ad-Hoc|iPhoneSimulator
		{EB954050-453A-4156-9ED7-4FD38F603044}.Ad-Hoc|Mixed Platforms.ActiveCfg = Ad-Hoc|iPhoneSimulator
		{EB954050-453A-4156-9ED7-4FD38F603044}.Ad-Hoc|Mixed Platforms.Build.0 = Ad-Hoc|iPhoneSimulator
		{EB954050-453A-4156-9ED7-4FD38F603044}.Ad-Hoc|Mixed Platforms.Deploy.0 = Ad-Hoc|iPhoneSimulator
		{EB954050-453A-4156-9ED7-4FD38F603044}.AppStore|Any CPU.ActiveCfg = AppStore|iPhoneSimulator
		{EB954050-453A-4156-9ED7-4FD38F603044}.AppStore|iPhone.ActiveCfg = AppStore|iPhone
		{EB954050-453A-4156-9ED7-4FD38F603044}.AppStore|iPhone.Build.0 = AppStore|iPhone
		{EB954050-453A-4156-9ED7-4FD38F603044}.AppStore|iPhone.Deploy.0 = AppStore|iPhone
		{EB954050-453A-4156-9ED7-4FD38F603044}.AppStore|iPhoneSimulator.ActiveCfg = AppStore|iPhoneSimulator
		{EB954050-453A-4156-9ED7-4FD38F603044}.AppStore|iPhoneSimulator.Build.0 = AppStore|iPhoneSimulator
		{EB954050-453A-4156-9ED7-4FD38F603044}.AppStore|iPhoneSimulator.Deploy.0 = AppStore|iPhoneSimulator
		{EB954050-453A-4156-9ED7-4FD38F603044}.AppStore|Mixed Platforms.ActiveCfg = AppStore|iPhoneSimulator
		{EB954050-453A-4156-9ED7-4FD38F603044}.AppStore|Mixed Platforms.Build.0 = AppStore|iPhoneSimulator
		{EB954050-453A-4156-9ED7-4FD38F603044}.AppStore|Mixed Platforms.Deploy.0 = AppStore|iPhoneSimulator
		{EB954050-453A-4156-9ED7-4FD38F603044}.Debug|Any CPU.ActiveCfg = Debug|iPhoneSimulator
		{EB954050-453A-4156-9ED7-4FD38F603044}.Debug|iPhone.ActiveCfg = Debug|iPhone
		{EB954050-453A-4156-9ED7-4FD38F603044}.Debug|iPhone.Build.0 = Debug|iPhone
		{EB954050-453A-4156-9ED7-4FD38F603044}.Debug|iPhone.Deploy.0 = Debug|iPhone
		{EB954050-453A-4156-9ED7-4FD38F603044}.Debug|iPhoneSimulator.ActiveCfg = Debug|iPhoneSimulator
		{EB954050-453A-4156-9ED7-4FD38F603044}.Debug|iPhoneSimulator.Build.0 = Debug|iPhoneSimulator
		{EB954050-453A-4156-9ED7-4FD38F603044}.Debug|iPhoneSimulator.Deploy.0 = Debug|iPhoneSimulator
		{EB954050-453A-4156-9ED7-4FD38F603044}.Debug|Mixed Platforms.ActiveCfg = Debug|iPhoneSimulator
		{EB954050-453A-4156-9ED7-4FD38F603044}.Debug|Mixed Platforms.Build.0 = Debug|iPhoneSimulator
		{EB954050-453A-4156-9ED7-4FD38F603044}.Debug|Mixed Platforms.Deploy.0 = Debug|iPhoneSimulator
		{EB954050-453A-4156-9ED7-4FD38F603044}.Release|Any CPU.ActiveCfg = Release|iPhoneSimulator
		{EB954050-453A-4156-9ED7-4FD38F603044}.Release|iPhone.ActiveCfg = Release|iPhone
		{EB954050-453A-4156-9ED7-4FD38F603044}.Release|iPhone.Build.0 = Release|iPhone
		{EB954050-453A-4156-9ED7-4FD38F603044}.Release|iPhone.Deploy.0 = Release|iPhone
		{EB954050-453A-4156-9ED7-4FD38F603044}.Release|iPhoneSimulator.ActiveCfg = Release|iPhoneSimulator
		{EB954050-453A-4156-9ED7-4FD38F603044}.Release|iPhoneSimulator.Build.0 = Release|iPhoneSimulator
		{EB954050-453A-4156-9ED7-4FD38F603044}.Release|iPhoneSimulator.Deploy.0 = Release|iPhoneSimulator
		{EB954050-453A-4156-9ED7-4FD38F603044}.Release|Mixed Platforms.ActiveCfg = Release|iPhoneSimulator
		{EB954050-453A-4156-9ED7-4FD38F603044}.Release|Mixed Platforms.Build.0 = Release|iPhoneSimulator
		{EB954050-453A-4156-9ED7-4FD38F603044}.Release|Mixed Platforms.Deploy.0 = Release|iPhoneSimulator
		{1DDD42BE-0C01-4135-88AF-02B4B927DE68}.Ad-Hoc|Any CPU.ActiveCfg = Release|Any CPU
		{1DDD42BE-0C01-4135-88AF-02B4B927DE68}.Ad-Hoc|Any CPU.Build.0 = Release|Any CPU
		{1DDD42BE-0C01-4135-88AF-02B4B927DE68}.Ad-Hoc|iPhone.ActiveCfg = Release|Any CPU
		{1DDD42BE-0C01-4135-88AF-02B4B927DE68}.Ad-Hoc|iPhoneSimulator.ActiveCfg = Release|Any CPU
		{1DDD42BE-0C01-4135-88AF-02B4B927DE68}.Ad-Hoc|Mixed Platforms.ActiveCfg = Release|Any CPU
		{1DDD42BE-0C01-4135-88AF-02B4B927DE68}.Ad-Hoc|Mixed Platforms.Build.0 = Release|Any CPU
		{1DDD42BE-0C01-4135-88AF-02B4B927DE68}.AppStore|Any CPU.ActiveCfg = Release|Any CPU
		{1DDD42BE-0C01-4135-88AF-02B4B927DE68}.AppStore|Any CPU.Build.0 = Release|Any CPU
		{1DDD42BE-0C01-4135-88AF-02B4B927DE68}.AppStore|iPhone.ActiveCfg = Release|Any CPU
		{1DDD42BE-0C01-4135-88AF-02B4B927DE68}.AppStore|iPhoneSimulator.ActiveCfg = Release|Any CPU
		{1DDD42BE-0C01-4135-88AF-02B4B927DE68}.AppStore|Mixed Platforms.ActiveCfg = Release|Any CPU
		{1DDD42BE-0C01-4135-88AF-02B4B927DE68}.AppStore|Mixed Platforms.Build.0 = Release|Any CPU
		{1DDD42BE-0C01-4135-88AF-02B4B927DE68}.Debug|Any CPU.ActiveCfg = Debug|Any CPU
		{1DDD42BE-0C01-4135-88AF-02B4B927DE68}.Debug|Any CPU.Build.0 = Debug|Any CPU
		{1DDD42BE-0C01-4135-88AF-02B4B927DE68}.Debug|iPhone.ActiveCfg = Debug|Any CPU
		{1DDD42BE-0C01-4135-88AF-02B4B927DE68}.Debug|iPhoneSimulator.ActiveCfg = Debug|Any CPU
		{1DDD42BE-0C01-4135-88AF-02B4B927DE68}.Debug|Mixed Platforms.ActiveCfg = Debug|Any CPU
		{1DDD42BE-0C01-4135-88AF-02B4B927DE68}.Debug|Mixed Platforms.Build.0 = Debug|Any CPU
		{1DDD42BE-0C01-4135-88AF-02B4B927DE68}.Release|Any CPU.ActiveCfg = Release|Any CPU
		{1DDD42BE-0C01-4135-88AF-02B4B927DE68}.Release|Any CPU.Build.0 = Release|Any CPU
		{1DDD42BE-0C01-4135-88AF-02B4B927DE68}.Release|iPhone.ActiveCfg = Release|Any CPU
		{1DDD42BE-0C01-4135-88AF-02B4B927DE68}.Release|iPhoneSimulator.ActiveCfg = Release|Any CPU
		{1DDD42BE-0C01-4135-88AF-02B4B927DE68}.Release|Mixed Platforms.ActiveCfg = Release|Any CPU
		{1DDD42BE-0C01-4135-88AF-02B4B927DE68}.Release|Mixed Platforms.Build.0 = Release|Any CPU
		{31D666D3-331A-42BE-B807-0E9D649E2112}.Ad-Hoc|Any CPU.ActiveCfg = Release|Any CPU
		{31D666D3-331A-42BE-B807-0E9D649E2112}.Ad-Hoc|Any CPU.Build.0 = Release|Any CPU
		{31D666D3-331A-42BE-B807-0E9D649E2112}.Ad-Hoc|Any CPU.Deploy.0 = Release|Any CPU
		{31D666D3-331A-42BE-B807-0E9D649E2112}.Ad-Hoc|iPhone.ActiveCfg = Release|Any CPU
		{31D666D3-331A-42BE-B807-0E9D649E2112}.Ad-Hoc|iPhoneSimulator.ActiveCfg = Release|Any CPU
		{31D666D3-331A-42BE-B807-0E9D649E2112}.Ad-Hoc|Mixed Platforms.ActiveCfg = Release|Any CPU
		{31D666D3-331A-42BE-B807-0E9D649E2112}.Ad-Hoc|Mixed Platforms.Build.0 = Release|Any CPU
		{31D666D3-331A-42BE-B807-0E9D649E2112}.Ad-Hoc|Mixed Platforms.Deploy.0 = Release|Any CPU
		{31D666D3-331A-42BE-B807-0E9D649E2112}.AppStore|Any CPU.ActiveCfg = Release|Any CPU
		{31D666D3-331A-42BE-B807-0E9D649E2112}.AppStore|Any CPU.Build.0 = Release|Any CPU
		{31D666D3-331A-42BE-B807-0E9D649E2112}.AppStore|Any CPU.Deploy.0 = Release|Any CPU
		{31D666D3-331A-42BE-B807-0E9D649E2112}.AppStore|iPhone.ActiveCfg = Release|Any CPU
		{31D666D3-331A-42BE-B807-0E9D649E2112}.AppStore|iPhoneSimulator.ActiveCfg = Release|Any CPU
		{31D666D3-331A-42BE-B807-0E9D649E2112}.AppStore|Mixed Platforms.ActiveCfg = Release|Any CPU
		{31D666D3-331A-42BE-B807-0E9D649E2112}.AppStore|Mixed Platforms.Build.0 = Release|Any CPU
		{31D666D3-331A-42BE-B807-0E9D649E2112}.AppStore|Mixed Platforms.Deploy.0 = Release|Any CPU
		{31D666D3-331A-42BE-B807-0E9D649E2112}.Debug|Any CPU.ActiveCfg = Debug|Any CPU
		{31D666D3-331A-42BE-B807-0E9D649E2112}.Debug|Any CPU.Build.0 = Debug|Any CPU
		{31D666D3-331A-42BE-B807-0E9D649E2112}.Debug|Any CPU.Deploy.0 = Debug|Any CPU
		{31D666D3-331A-42BE-B807-0E9D649E2112}.Debug|iPhone.ActiveCfg = Debug|Any CPU
		{31D666D3-331A-42BE-B807-0E9D649E2112}.Debug|iPhoneSimulator.ActiveCfg = Debug|Any CPU
		{31D666D3-331A-42BE-B807-0E9D649E2112}.Debug|Mixed Platforms.ActiveCfg = Debug|Any CPU
		{31D666D3-331A-42BE-B807-0E9D649E2112}.Debug|Mixed Platforms.Build.0 = Debug|Any CPU
		{31D666D3-331A-42BE-B807-0E9D649E2112}.Debug|Mixed Platforms.Deploy.0 = Debug|Any CPU
		{31D666D3-331A-42BE-B807-0E9D649E2112}.Release|Any CPU.ActiveCfg = Release|Any CPU
		{31D666D3-331A-42BE-B807-0E9D649E2112}.Release|Any CPU.Build.0 = Release|Any CPU
		{31D666D3-331A-42BE-B807-0E9D649E2112}.Release|Any CPU.Deploy.0 = Release|Any CPU
		{31D666D3-331A-42BE-B807-0E9D649E2112}.Release|iPhone.ActiveCfg = Release|Any CPU
		{31D666D3-331A-42BE-B807-0E9D649E2112}.Release|iPhoneSimulator.ActiveCfg = Release|Any CPU
		{31D666D3-331A-42BE-B807-0E9D649E2112}.Release|Mixed Platforms.ActiveCfg = Release|Any CPU
		{31D666D3-331A-42BE-B807-0E9D649E2112}.Release|Mixed Platforms.Build.0 = Release|Any CPU
		{31D666D3-331A-42BE-B807-0E9D649E2112}.Release|Mixed Platforms.Deploy.0 = Release|Any CPU
		{FF841FF9-5152-4AE9-9243-08EB41B90B7B}.Ad-Hoc|Any CPU.ActiveCfg = Release|Any CPU
		{FF841FF9-5152-4AE9-9243-08EB41B90B7B}.Ad-Hoc|Any CPU.Build.0 = Release|Any CPU
		{FF841FF9-5152-4AE9-9243-08EB41B90B7B}.Ad-Hoc|iPhone.ActiveCfg = Release|Any CPU
		{FF841FF9-5152-4AE9-9243-08EB41B90B7B}.Ad-Hoc|iPhoneSimulator.ActiveCfg = Release|Any CPU
		{FF841FF9-5152-4AE9-9243-08EB41B90B7B}.Ad-Hoc|Mixed Platforms.ActiveCfg = Release|Any CPU
		{FF841FF9-5152-4AE9-9243-08EB41B90B7B}.Ad-Hoc|Mixed Platforms.Build.0 = Release|Any CPU
		{FF841FF9-5152-4AE9-9243-08EB41B90B7B}.AppStore|Any CPU.ActiveCfg = Release|Any CPU
		{FF841FF9-5152-4AE9-9243-08EB41B90B7B}.AppStore|Any CPU.Build.0 = Release|Any CPU
		{FF841FF9-5152-4AE9-9243-08EB41B90B7B}.AppStore|iPhone.ActiveCfg = Release|Any CPU
		{FF841FF9-5152-4AE9-9243-08EB41B90B7B}.AppStore|iPhoneSimulator.ActiveCfg = Release|Any CPU
		{FF841FF9-5152-4AE9-9243-08EB41B90B7B}.AppStore|Mixed Platforms.ActiveCfg = Release|Any CPU
		{FF841FF9-5152-4AE9-9243-08EB41B90B7B}.AppStore|Mixed Platforms.Build.0 = Release|Any CPU
		{FF841FF9-5152-4AE9-9243-08EB41B90B7B}.Debug|Any CPU.ActiveCfg = Debug|Any CPU
		{FF841FF9-5152-4AE9-9243-08EB41B90B7B}.Debug|Any CPU.Build.0 = Debug|Any CPU
		{FF841FF9-5152-4AE9-9243-08EB41B90B7B}.Debug|iPhone.ActiveCfg = Debug|Any CPU
		{FF841FF9-5152-4AE9-9243-08EB41B90B7B}.Debug|iPhoneSimulator.ActiveCfg = Debug|Any CPU
		{FF841FF9-5152-4AE9-9243-08EB41B90B7B}.Debug|Mixed Platforms.ActiveCfg = Debug|Any CPU
		{FF841FF9-5152-4AE9-9243-08EB41B90B7B}.Debug|Mixed Platforms.Build.0 = Debug|Any CPU
		{FF841FF9-5152-4AE9-9243-08EB41B90B7B}.Release|Any CPU.ActiveCfg = Release|Any CPU
		{FF841FF9-5152-4AE9-9243-08EB41B90B7B}.Release|Any CPU.Build.0 = Release|Any CPU
		{FF841FF9-5152-4AE9-9243-08EB41B90B7B}.Release|iPhone.ActiveCfg = Release|Any CPU
		{FF841FF9-5152-4AE9-9243-08EB41B90B7B}.Release|iPhoneSimulator.ActiveCfg = Release|Any CPU
		{FF841FF9-5152-4AE9-9243-08EB41B90B7B}.Release|Mixed Platforms.ActiveCfg = Release|Any CPU
		{FF841FF9-5152-4AE9-9243-08EB41B90B7B}.Release|Mixed Platforms.Build.0 = Release|Any CPU
	EndGlobalSection
	GlobalSection(SolutionProperties) = preSolution
		HideSolutionNode = FALSE
	EndGlobalSection
EndGlobal
